
Microsoft Visual Studio Solution File, Format Version 12.00
# Visual Studio Version 17
VisualStudioVersion = 17.2.32519.379
MinimumVisualStudioVersion = 10.0.40219.1
Project("{8BC9CEB8-8B4A-11D0-8D11-00A0C91BC942}") = "3.1b", "3.1b\3.1b.vcxproj", "{12CB9D3A-ACA0-478F-9927-F90F1BD7B031}"
EndProject
Project("{8BC9CEB8-8B4A-11D0-8D11-00A0C91BC942}") = "UnitTest", "UnitTest\UnitTest.vcxproj", "{9DBA025F-00C4-4C92-8460-D27032532374}"
EndProject
Global
	GlobalSection(SolutionConfigurationPlatforms) = preSolution
		Debug|x64 = Debug|x64
		Debug|x86 = Debug|x86
		Release|x64 = Release|x64
		Release|x86 = Release|x86
	EndGlobalSection
	GlobalSection(ProjectConfigurationPlatforms) = postSolution
		{12CB9D3A-ACA0-478F-9927-F90F1BD7B031}.Debug|x64.ActiveCfg = Debug|x64
		{12CB9D3A-ACA0-478F-9927-F90F1BD7B031}.Debug|x64.Build.0 = Debug|x64
		{12CB9D3A-ACA0-478F-9927-F90F1BD7B031}.Debug|x86.ActiveCfg = Debug|Win32
		{12CB9D3A-ACA0-478F-9927-F90F1BD7B031}.Debug|x86.Build.0 = Debug|Win32
		{12CB9D3A-ACA0-478F-9927-F90F1BD7B031}.Release|x64.ActiveCfg = Release|x64
		{12CB9D3A-ACA0-478F-9927-F90F1BD7B031}.Release|x64.Build.0 = Release|x64
		{12CB9D3A-ACA0-478F-9927-F90F1BD7B031}.Release|x86.ActiveCfg = Release|Win32
		{12CB9D3A-ACA0-478F-9927-F90F1BD7B031}.Release|x86.Build.0 = Release|Win32
		{9DBA025F-00C4-4C92-8460-D27032532374}.Debug|x64.ActiveCfg = Debug|x64
		{9DBA025F-00C4-4C92-8460-D27032532374}.Debug|x64.Build.0 = Debug|x64
		{9DBA025F-00C4-4C92-8460-D27032532374}.Debug|x86.ActiveCfg = Debug|Win32
		{9DBA025F-00C4-4C92-8460-D27032532374}.Debug|x86.Build.0 = Debug|Win32
		{9DBA025F-00C4-4C92-8460-D27032532374}.Release|x64.ActiveCfg = Release|x64
		{9DBA025F-00C4-4C92-8460-D27032532374}.Release|x64.Build.0 = Release|x64
		{9DBA025F-00C4-4C92-8460-D27032532374}.Release|x86.ActiveCfg = Release|Win32
		{9DBA025F-00C4-4C92-8460-D27032532374}.Release|x86.Build.0 = Release|Win32
	EndGlobalSection
	GlobalSection(SolutionProperties) = preSolution
		HideSolutionNode = FALSE
	EndGlobalSection
	GlobalSection(ExtensibilityGlobals) = postSolution
		SolutionGuid = {B2EBA6B4-F7D9-4823-854F-C1DD17D69C39}
	EndGlobalSection
EndGlobal
